
Microsoft Visual Studio Solution File, Format Version 11.00
# Visual Studio 2010
Project("{FAE04EC0-301F-11D3-BF4B-00C04F79EFBC}") = "Segment 2", "Segment 2\Segment 2.csproj", "{66A5982C-2F03-40F9-B4AB-9856E43F99FF}"
EndProject
Global
	GlobalSection(SolutionConfigurationPlatforms) = preSolution
		Debug|x86 = Debug|x86
		Release|x86 = Release|x86
	EndGlobalSection
	GlobalSection(ProjectConfigurationPlatforms) = postSolution
		{66A5982C-2F03-40F9-B4AB-9856E43F99FF}.Debug|x86.ActiveCfg = Debug|x86
		{66A5982C-2F03-40F9-B4AB-9856E43F99FF}.Debug|x86.Build.0 = Debug|x86
		{66A5982C-2F03-40F9-B4AB-9856E43F99FF}.Release|x86.ActiveCfg = Release|x86
		{66A5982C-2F03-40F9-B4AB-9856E43F99FF}.Release|x86.Build.0 = Release|x86
	EndGlobalSection
	GlobalSection(SolutionProperties) = preSolution
		HideSolutionNode = FALSE
	EndGlobalSection
EndGlobal
